
Microsoft Visual Studio Solution File, Format Version 12.00
# Visual Studio Version 16
VisualStudioVersion = 16.0.30114.105
MinimumVisualStudioVersion = 10.0.40219.1
Project("{2150E333-8FDC-42A3-9474-1A3956D46DE8}") = "komodoCafe", "komodoCafe", "{D677FEC5-E51B-46D6-AEFE-BD3856E4CC49}"
EndProject
Project("{2150E333-8FDC-42A3-9474-1A3956D46DE8}") = "src", "src", "{A19F9889-F79A-4CC1-B2FB-F02B5C19F7D0}"
EndProject
Project("{FAE04EC0-301F-11D3-BF4B-00C04F79EFBC}") = "KomodoCafe.Data", "komodoCafe\src\KomodoCafe.Data\KomodoCafe.Data.csproj", "{37CF062B-F667-402C-A670-6DC62C96E930}"
EndProject
Project("{FAE04EC0-301F-11D3-BF4B-00C04F79EFBC}") = "KomodoCafe.Repository", "komodoCafe\src\KomodoCafe.Repository\KomodoCafe.Repository.csproj", "{58184292-C043-46A8-8951-F04D88668422}"
EndProject
Project("{FAE04EC0-301F-11D3-BF4B-00C04F79EFBC}") = "KomodoCafe.UI", "komodoCafe\src\KomodoCafe.UI\KomodoCafe.UI.csproj", "{C224CC65-328C-41E8-8434-6204980A033E}"
EndProject
Project("{2150E333-8FDC-42A3-9474-1A3956D46DE8}") = "test", "test", "{EE252767-A49E-43BF-B3D1-3FD20DC33DC5}"
EndProject
Project("{2150E333-8FDC-42A3-9474-1A3956D46DE8}") = "komodoClaimsDepartment", "komodoClaimsDepartment", "{77932231-47D4-41AE-A92B-A4A184CDF6F1}"
EndProject
Project("{2150E333-8FDC-42A3-9474-1A3956D46DE8}") = "src", "src", "{2DB19307-AFE4-4901-810B-531C774ECBF5}"
EndProject
Project("{FAE04EC0-301F-11D3-BF4B-00C04F79EFBC}") = "ClaimsDepartment.Data", "komodoClaimsDepartment\src\ClaimsDepartment.Data\ClaimsDepartment.Data.csproj", "{A5EDE7A3-6FE9-4568-8A62-059405E255DE}"
EndProject
Project("{FAE04EC0-301F-11D3-BF4B-00C04F79EFBC}") = "ClaimsDepartment.Repository", "komodoClaimsDepartment\src\ClaimsDepartment.Repository\ClaimsDepartment.Repository.csproj", "{462F40A1-46A6-400B-898E-3BE07A897D06}"
EndProject
Project("{FAE04EC0-301F-11D3-BF4B-00C04F79EFBC}") = "KomodoClaims.UI", "komodoClaimsDepartment\src\KomodoClaims.UI\KomodoClaims.UI.csproj", "{84CFAE6B-1391-4034-B15A-5C30FE4274BE}"
EndProject
Project("{FAE04EC0-301F-11D3-BF4B-00C04F79EFBC}") = "KomodoCafeTest", "komodoCafe\test\KomodoCafeTest.csproj", "{80D39F9B-C628-4F5B-9389-E56C5B739FD3}"
EndProject

Global
	GlobalSection(SolutionConfigurationPlatforms) = preSolution
		Debug|Any CPU = Debug|Any CPU
		Release|Any CPU = Release|Any CPU
	EndGlobalSection
	GlobalSection(SolutionProperties) = preSolution
		HideSolutionNode = FALSE
	EndGlobalSection
	GlobalSection(ProjectConfigurationPlatforms) = postSolution
		{37CF062B-F667-402C-A670-6DC62C96E930}.Debug|Any CPU.ActiveCfg = Debug|Any CPU
		{37CF062B-F667-402C-A670-6DC62C96E930}.Debug|Any CPU.Build.0 = Debug|Any CPU
		{37CF062B-F667-402C-A670-6DC62C96E930}.Release|Any CPU.ActiveCfg = Release|Any CPU
		{37CF062B-F667-402C-A670-6DC62C96E930}.Release|Any CPU.Build.0 = Release|Any CPU
		{58184292-C043-46A8-8951-F04D88668422}.Debug|Any CPU.ActiveCfg = Debug|Any CPU
		{58184292-C043-46A8-8951-F04D88668422}.Debug|Any CPU.Build.0 = Debug|Any CPU
		{58184292-C043-46A8-8951-F04D88668422}.Release|Any CPU.ActiveCfg = Release|Any CPU
		{58184292-C043-46A8-8951-F04D88668422}.Release|Any CPU.Build.0 = Release|Any CPU
		{C224CC65-328C-41E8-8434-6204980A033E}.Debug|Any CPU.ActiveCfg = Debug|Any CPU
		{C224CC65-328C-41E8-8434-6204980A033E}.Debug|Any CPU.Build.0 = Debug|Any CPU
		{C224CC65-328C-41E8-8434-6204980A033E}.Release|Any CPU.ActiveCfg = Release|Any CPU
		{C224CC65-328C-41E8-8434-6204980A033E}.Release|Any CPU.Build.0 = Release|Any CPU
		{33A5956E-AB30-4057-91EA-35B2B95364D7}.Debug|Any CPU.ActiveCfg = Debug|Any CPU
		{33A5956E-AB30-4057-91EA-35B2B95364D7}.Debug|Any CPU.Build.0 = Debug|Any CPU
		{33A5956E-AB30-4057-91EA-35B2B95364D7}.Release|Any CPU.ActiveCfg = Release|Any CPU
		{33A5956E-AB30-4057-91EA-35B2B95364D7}.Release|Any CPU.Build.0 = Release|Any CPU
		{A5EDE7A3-6FE9-4568-8A62-059405E255DE}.Debug|Any CPU.ActiveCfg = Debug|Any CPU
		{A5EDE7A3-6FE9-4568-8A62-059405E255DE}.Debug|Any CPU.Build.0 = Debug|Any CPU
		{A5EDE7A3-6FE9-4568-8A62-059405E255DE}.Release|Any CPU.ActiveCfg = Release|Any CPU
		{A5EDE7A3-6FE9-4568-8A62-059405E255DE}.Release|Any CPU.Build.0 = Release|Any CPU
		{462F40A1-46A6-400B-898E-3BE07A897D06}.Debug|Any CPU.ActiveCfg = Debug|Any CPU
		{462F40A1-46A6-400B-898E-3BE07A897D06}.Debug|Any CPU.Build.0 = Debug|Any CPU
		{462F40A1-46A6-400B-898E-3BE07A897D06}.Release|Any CPU.ActiveCfg = Release|Any CPU
		{462F40A1-46A6-400B-898E-3BE07A897D06}.Release|Any CPU.Build.0 = Release|Any CPU
		{84CFAE6B-1391-4034-B15A-5C30FE4274BE}.Debug|Any CPU.ActiveCfg = Debug|Any CPU
		{84CFAE6B-1391-4034-B15A-5C30FE4274BE}.Debug|Any CPU.Build.0 = Debug|Any CPU
		{84CFAE6B-1391-4034-B15A-5C30FE4274BE}.Release|Any CPU.ActiveCfg = Release|Any CPU
		{84CFAE6B-1391-4034-B15A-5C30FE4274BE}.Release|Any CPU.Build.0 = Release|Any CPU
		{80D39F9B-C628-4F5B-9389-E56C5B739FD3}.Debug|Any CPU.ActiveCfg = Debug|Any CPU
		{80D39F9B-C628-4F5B-9389-E56C5B739FD3}.Debug|Any CPU.Build.0 = Debug|Any CPU
		{80D39F9B-C628-4F5B-9389-E56C5B739FD3}.Release|Any CPU.ActiveCfg = Release|Any CPU
		{80D39F9B-C628-4F5B-9389-E56C5B739FD3}.Release|Any CPU.Build.0 = Release|Any CPU
		{5E7F4679-A029-4043-8BC7-6064FB2CB1D2}.Debug|Any CPU.ActiveCfg = Debug|Any CPU
		{5E7F4679-A029-4043-8BC7-6064FB2CB1D2}.Debug|Any CPU.Build.0 = Debug|Any CPU
		{5E7F4679-A029-4043-8BC7-6064FB2CB1D2}.Release|Any CPU.ActiveCfg = Release|Any CPU
		{5E7F4679-A029-4043-8BC7-6064FB2CB1D2}.Release|Any CPU.Build.0 = Release|Any CPU
		{F495E367-D91A-429D-9656-5ECED4421BE2}.Debug|Any CPU.ActiveCfg = Debug|Any CPU
		{F495E367-D91A-429D-9656-5ECED4421BE2}.Debug|Any CPU.Build.0 = Debug|Any CPU
		{F495E367-D91A-429D-9656-5ECED4421BE2}.Release|Any CPU.ActiveCfg = Release|Any CPU
		{F495E367-D91A-429D-9656-5ECED4421BE2}.Release|Any CPU.Build.0 = Release|Any CPU
		{EB0BA949-505F-4EB6-B378-FAC23F5956AA}.Debug|Any CPU.ActiveCfg = Debug|Any CPU
		{EB0BA949-505F-4EB6-B378-FAC23F5956AA}.Debug|Any CPU.Build.0 = Debug|Any CPU
		{EB0BA949-505F-4EB6-B378-FAC23F5956AA}.Release|Any CPU.ActiveCfg = Release|Any CPU
		{EB0BA949-505F-4EB6-B378-FAC23F5956AA}.Release|Any CPU.Build.0 = Release|Any CPU
		{D706F910-8F2B-4164-BB3B-C230BC9250B4}.Debug|Any CPU.ActiveCfg = Debug|Any CPU
		{D706F910-8F2B-4164-BB3B-C230BC9250B4}.Debug|Any CPU.Build.0 = Debug|Any CPU
		{D706F910-8F2B-4164-BB3B-C230BC9250B4}.Release|Any CPU.ActiveCfg = Release|Any CPU
		{D706F910-8F2B-4164-BB3B-C230BC9250B4}.Release|Any CPU.Build.0 = Release|Any CPU
	EndGlobalSection
	GlobalSection(NestedProjects) = preSolution
		{A19F9889-F79A-4CC1-B2FB-F02B5C19F7D0} = {D677FEC5-E51B-46D6-AEFE-BD3856E4CC49}
		{37CF062B-F667-402C-A670-6DC62C96E930} = {A19F9889-F79A-4CC1-B2FB-F02B5C19F7D0}
		{58184292-C043-46A8-8951-F04D88668422} = {A19F9889-F79A-4CC1-B2FB-F02B5C19F7D0}
		{C224CC65-328C-41E8-8434-6204980A033E} = {A19F9889-F79A-4CC1-B2FB-F02B5C19F7D0}
		{EE252767-A49E-43BF-B3D1-3FD20DC33DC5} = {D677FEC5-E51B-46D6-AEFE-BD3856E4CC49}
		{33A5956E-AB30-4057-91EA-35B2B95364D7} = {EE252767-A49E-43BF-B3D1-3FD20DC33DC5}
		{2DB19307-AFE4-4901-810B-531C774ECBF5} = {77932231-47D4-41AE-A92B-A4A184CDF6F1}
		{A5EDE7A3-6FE9-4568-8A62-059405E255DE} = {2DB19307-AFE4-4901-810B-531C774ECBF5}
		{462F40A1-46A6-400B-898E-3BE07A897D06} = {2DB19307-AFE4-4901-810B-531C774ECBF5}
		{84CFAE6B-1391-4034-B15A-5C30FE4274BE} = {2DB19307-AFE4-4901-810B-531C774ECBF5}
		{80D39F9B-C628-4F5B-9389-E56C5B739FD3} = {D677FEC5-E51B-46D6-AEFE-BD3856E4CC49}
		{87C43196-B327-4C8C-9793-CA42E206CEE8} = {D6769C1D-FA6E-4C07-A71C-070B508EFDAF}
		{5E7F4679-A029-4043-8BC7-6064FB2CB1D2} = {87C43196-B327-4C8C-9793-CA42E206CEE8}
		{F495E367-D91A-429D-9656-5ECED4421BE2} = {87C43196-B327-4C8C-9793-CA42E206CEE8}
		{EB0BA949-505F-4EB6-B378-FAC23F5956AA} = {87C43196-B327-4C8C-9793-CA42E206CEE8}
		{860C97E3-0DB9-4BE3-A381-6DB2004D4354} = {D6769C1D-FA6E-4C07-A71C-070B508EFDAF}
		{D706F910-8F2B-4164-BB3B-C230BC9250B4} = {860C97E3-0DB9-4BE3-A381-6DB2004D4354}
	EndGlobalSection
EndGlobal
